// !$*UTF8*$!
{
	archiveVersion = 1;
	classes = {
	};
	objectVersion = 46;
	objects = {

/* Begin PBXBuildFile section */
		13B07FBC1A68108700A75B9A /* AppDelegate.m in Sources */ = {isa = PBXBuildFile; fileRef = 13B07FB01A68108700A75B9A /* AppDelegate.m */; };
		13B07FBD1A68108700A75B9A /* LaunchScreen.xib in Resources */ = {isa = PBXBuildFile; fileRef = 13B07FB11A68108700A75B9A /* LaunchScreen.xib */; };
		13B07FBF1A68108700A75B9A /* Images.xcassets in Resources */ = {isa = PBXBuildFile; fileRef = 13B07FB51A68108700A75B9A /* Images.xcassets */; };
		13B07FC11A68108700A75B9A /* main.m in Sources */ = {isa = PBXBuildFile; fileRef = 13B07FB71A68108700A75B9A /* main.m */; };
		3DE4DAD41476765101945408 /* libPods-serendipity_client.a in Frameworks */ = {isa = PBXBuildFile; fileRef = D43FF9D506E70904424FA7E9 /* libPods-serendipity_client.a */; };
		175BE199F88A49CF9B1FAA89 /* Hack-Bold.ttf in Resources */ = {isa = PBXBuildFile; fileRef = 5DBBD73B39D248179AB853D8 /* Hack-Bold.ttf */; };
		503741DED9F6498DB10361AF /* Hack-BoldItalic.ttf in Resources */ = {isa = PBXBuildFile; fileRef = 2DF136A6F7DD4A94BDCDE401 /* Hack-BoldItalic.ttf */; };
		B1321A9BB07B4085BABA450D /* Hack-Italic.ttf in Resources */ = {isa = PBXBuildFile; fileRef = D95DE22068134C0285CD19A5 /* Hack-Italic.ttf */; };
		E4388E5B579245B68FFA53E7 /* Hack-Regular.ttf in Resources */ = {isa = PBXBuildFile; fileRef = F9572234D66C4415A6A73E04 /* Hack-Regular.ttf */; };
		A9A49616FF854325A7637588 /* AntDesign.ttf in Resources */ = {isa = PBXBuildFile; fileRef = 56CB516DBE354CB98C64EE3C /* AntDesign.ttf */; };
		8154E95F576449038480859C /* Entypo.ttf in Resources */ = {isa = PBXBuildFile; fileRef = 39DA79A5E72D4684A0644DDE /* Entypo.ttf */; };
		81B3025804CC40EF837ABD3B /* EvilIcons.ttf in Resources */ = {isa = PBXBuildFile; fileRef = E354809539AE49C0860C020D /* EvilIcons.ttf */; };
		4CBF78184EA4471AAE11B6EA /* Feather.ttf in Resources */ = {isa = PBXBuildFile; fileRef = 8DB43EC2CA38407DB44C8611 /* Feather.ttf */; };
		DB96E41DF3FC4917A99676DD /* FontAwesome.ttf in Resources */ = {isa = PBXBuildFile; fileRef = 1AAA3F84FE1A44C5AE75D9BD /* FontAwesome.ttf */; };
		A23A349AE8AD45BCB27623FE /* FontAwesome5_Brands.ttf in Resources */ = {isa = PBXBuildFile; fileRef = 61177B952516421FA0FA08D4 /* FontAwesome5_Brands.ttf */; };
		E6BEF2D7B5D841C194C130DD /* FontAwesome5_Regular.ttf in Resources */ = {isa = PBXBuildFile; fileRef = A6701787A409419C9B6DF924 /* FontAwesome5_Regular.ttf */; };
		0585F4DBC8C94CE69C336A4E /* FontAwesome5_Solid.ttf in Resources */ = {isa = PBXBuildFile; fileRef = 897A6210E02143F1B948FB4C /* FontAwesome5_Solid.ttf */; };
		0D7504044E744A1C80FE77F9 /* Fontisto.ttf in Resources */ = {isa = PBXBuildFile; fileRef = 7495EB13DB8444F3B8A38427 /* Fontisto.ttf */; };
		5F366B1029AD40B1912CB74B /* Foundation.ttf in Resources */ = {isa = PBXBuildFile; fileRef = A45C8852EE6D4BEBB18EF13A /* Foundation.ttf */; };
		4978AD749AC645E9BDD60054 /* Ionicons.ttf in Resources */ = {isa = PBXBuildFile; fileRef = DC523047976A474886885C0F /* Ionicons.ttf */; };
		298D61E811D94400ADDDF607 /* MaterialCommunityIcons.ttf in Resources */ = {isa = PBXBuildFile; fileRef = 80D5AB167B654F9FB65D1ACC /* MaterialCommunityIcons.ttf */; };
		D1387ABE33C944EBBD463EA9 /* MaterialIcons.ttf in Resources */ = {isa = PBXBuildFile; fileRef = D93E4ECBFA8B486486B8DB16 /* MaterialIcons.ttf */; };
		BBDA8ADB8D8F42D784B245D8 /* Octicons.ttf in Resources */ = {isa = PBXBuildFile; fileRef = 958BCBA6878C457EB5BF4BE7 /* Octicons.ttf */; };
		B35F8BBB734C40F18DBA78C3 /* SimpleLineIcons.ttf in Resources */ = {isa = PBXBuildFile; fileRef = 2520290FB2F743F689A6260B /* SimpleLineIcons.ttf */; };
		C982AC6DF53E41A5906C8580 /* Zocial.ttf in Resources */ = {isa = PBXBuildFile; fileRef = 3F500BD96D7A4C7383285B2D /* Zocial.ttf */; };
		45787E89CF5740F0B44C03E3 /* Hack-Bold.ttf in Resources */ = {isa = PBXBuildFile; fileRef = 5168E9DED43545E49DFE8FFE /* Hack-Bold.ttf */; };
		5203BC4505E04CB4BDF53A5E /* Hack-BoldItalic.ttf in Resources */ = {isa = PBXBuildFile; fileRef = D2B84885F6E641DEBAB601C2 /* Hack-BoldItalic.ttf */; };
		A4B6755D59684FDCB05EFE8A /* Hack-Italic.ttf in Resources */ = {isa = PBXBuildFile; fileRef = 11142D952D824FD985DD2F4F /* Hack-Italic.ttf */; };
		BF093E86C746420C9FC07533 /* Hack-Regular.ttf in Resources */ = {isa = PBXBuildFile; fileRef = D9E1AA0A89D8485BB5379D49 /* Hack-Regular.ttf */; };
		9940D62F533E4164ABE05FF0 /* AntDesign.ttf in Resources */ = {isa = PBXBuildFile; fileRef = ADF0EF837A3D40048082EA3C /* AntDesign.ttf */; };
		E30603845A914D3DA8BF5A60 /* Entypo.ttf in Resources */ = {isa = PBXBuildFile; fileRef = B72767811ABA4E90BE58C53C /* Entypo.ttf */; };
		7B7F4C2328044F8CA4F9A17A /* EvilIcons.ttf in Resources */ = {isa = PBXBuildFile; fileRef = 99B41C776341483C9880BB11 /* EvilIcons.ttf */; };
		517EDCE5B6BB4884B5E854FA /* Feather.ttf in Resources */ = {isa = PBXBuildFile; fileRef = 9CFCD46DDE684BB4A218B1CC /* Feather.ttf */; };
		D8446CD95C3E468BA2CF25E2 /* FontAwesome.ttf in Resources */ = {isa = PBXBuildFile; fileRef = 916BDBF1A3204EF2B35AC413 /* FontAwesome.ttf */; };
		159BC6FBEDDC46A78E0E315D /* FontAwesome5_Brands.ttf in Resources */ = {isa = PBXBuildFile; fileRef = 3D51B12307274C9CAC68FA3B /* FontAwesome5_Brands.ttf */; };
		154DB11DEB384083BD55E2AA /* FontAwesome5_Regular.ttf in Resources */ = {isa = PBXBuildFile; fileRef = 041D4307DDAD4D2888648A3C /* FontAwesome5_Regular.ttf */; };
		4E792E57E0DA4E4E86DDD105 /* FontAwesome5_Solid.ttf in Resources */ = {isa = PBXBuildFile; fileRef = 2D4AAE0860F2424088FCEE1E /* FontAwesome5_Solid.ttf */; };
		01A710E98E064192BF037B0C /* Fontisto.ttf in Resources */ = {isa = PBXBuildFile; fileRef = 07A92959D842496B9365696C /* Fontisto.ttf */; };
		43237B68931D44B08EDB2DE8 /* Foundation.ttf in Resources */ = {isa = PBXBuildFile; fileRef = C5EB0EF084CB4564845A8E31 /* Foundation.ttf */; };
		9D6EF3D1A344447893861A30 /* Ionicons.ttf in Resources */ = {isa = PBXBuildFile; fileRef = 0FFF74ED4F0C49559B11697E /* Ionicons.ttf */; };
		753B733FD6374D1AB16D6633 /* MaterialCommunityIcons.ttf in Resources */ = {isa = PBXBuildFile; fileRef = 3AF20C998FD84D0CA201018F /* MaterialCommunityIcons.ttf */; };
		DDAF2F92954543749B32953B /* MaterialIcons.ttf in Resources */ = {isa = PBXBuildFile; fileRef = 0106365A1FF340A3A05812A0 /* MaterialIcons.ttf */; };
		3C569C64BBA14B33AEA89E4D /* Octicons.ttf in Resources */ = {isa = PBXBuildFile; fileRef = 8D15DAE7D3AE48C898293B19 /* Octicons.ttf */; };
		0DD7E34B1B77447887280CAC /* Roboto_medium.ttf in Resources */ = {isa = PBXBuildFile; fileRef = ABD1D983C05748ABAB479444 /* Roboto_medium.ttf */; };
		B5B83920D5874682BE0695D1 /* Roboto.ttf in Resources */ = {isa = PBXBuildFile; fileRef = A2088EB6911747E4B02869D6 /* Roboto.ttf */; };
		F3275EA29A7745EAA2FFA2F8 /* rubicon-icon-font.ttf in Resources */ = {isa = PBXBuildFile; fileRef = F9281E1CEA87469E8377C750 /* rubicon-icon-font.ttf */; };
		94102E10E6174CD782F24BFE /* SimpleLineIcons.ttf in Resources */ = {isa = PBXBuildFile; fileRef = 6EEE9F0923C648C79547546C /* SimpleLineIcons.ttf */; };
		7AE9416A65994B71A5E4EDB5 /* Zocial.ttf in Resources */ = {isa = PBXBuildFile; fileRef = D40F03A1579845868B93FBBA /* Zocial.ttf */; };
/* End PBXBuildFile section */

/* Begin PBXFileReference section */
		008F07F21AC5B25A0029DE68 /* main.jsbundle */ = {isa = PBXFileReference; fileEncoding = 4; lastKnownFileType = text; path = main.jsbundle; sourceTree = "<group>"; };
		13B07F961A680F5B00A75B9A /* serendipity_client.app */ = {isa = PBXFileReference; explicitFileType = wrapper.application; includeInIndex = 0; path = serendipity_client.app; sourceTree = BUILT_PRODUCTS_DIR; };
		13B07FAF1A68108700A75B9A /* AppDelegate.h */ = {isa = PBXFileReference; fileEncoding = 4; lastKnownFileType = sourcecode.c.h; name = AppDelegate.h; path = serendipity_client/AppDelegate.h; sourceTree = "<group>"; };
		13B07FB01A68108700A75B9A /* AppDelegate.m */ = {isa = PBXFileReference; fileEncoding = 4; lastKnownFileType = sourcecode.c.objc; name = AppDelegate.m; path = serendipity_client/AppDelegate.m; sourceTree = "<group>"; };
		13B07FB21A68108700A75B9A /* Base */ = {isa = PBXFileReference; lastKnownFileType = file.xib; name = Base; path = Base.lproj/LaunchScreen.xib; sourceTree = "<group>"; };
		13B07FB51A68108700A75B9A /* Images.xcassets */ = {isa = PBXFileReference; lastKnownFileType = folder.assetcatalog; name = Images.xcassets; path = serendipity_client/Images.xcassets; sourceTree = "<group>"; };
		13B07FB61A68108700A75B9A /* Info.plist */ = {isa = PBXFileReference; fileEncoding = 4; lastKnownFileType = text.plist.xml; name = Info.plist; path = serendipity_client/Info.plist; sourceTree = "<group>"; };
		13B07FB71A68108700A75B9A /* main.m */ = {isa = PBXFileReference; fileEncoding = 4; lastKnownFileType = sourcecode.c.objc; name = main.m; path = serendipity_client/main.m; sourceTree = "<group>"; };
		2D16E6891FA4F8E400B85C8A /* libReact.a */ = {isa = PBXFileReference; explicitFileType = archive.ar; path = libReact.a; sourceTree = BUILT_PRODUCTS_DIR; };
		3B47C5AFCB8BDE514B7D1AC6 /* Pods-serendipity_client.debug.xcconfig */ = {isa = PBXFileReference; includeInIndex = 1; lastKnownFileType = text.xcconfig; name = "Pods-serendipity_client.debug.xcconfig"; path = "Target Support Files/Pods-serendipity_client/Pods-serendipity_client.debug.xcconfig"; sourceTree = "<group>"; };
		8AC623DBF3A3E2CB072F81F2 /* Pods-serendipity_client.release.xcconfig */ = {isa = PBXFileReference; includeInIndex = 1; lastKnownFileType = text.xcconfig; name = "Pods-serendipity_client.release.xcconfig"; path = "Target Support Files/Pods-serendipity_client/Pods-serendipity_client.release.xcconfig"; sourceTree = "<group>"; };
		D43FF9D506E70904424FA7E9 /* libPods-serendipity_client.a */ = {isa = PBXFileReference; explicitFileType = archive.ar; includeInIndex = 0; path = "libPods-serendipity_client.a"; sourceTree = BUILT_PRODUCTS_DIR; };
		ED297162215061F000B7C4FE /* JavaScriptCore.framework */ = {isa = PBXFileReference; lastKnownFileType = wrapper.framework; name = JavaScriptCore.framework; path = System/Library/Frameworks/JavaScriptCore.framework; sourceTree = SDKROOT; };
		ED2971642150620600B7C4FE /* JavaScriptCore.framework */ = {isa = PBXFileReference; lastKnownFileType = wrapper.framework; name = JavaScriptCore.framework; path = Platforms/AppleTVOS.platform/Developer/SDKs/AppleTVOS12.0.sdk/System/Library/Frameworks/JavaScriptCore.framework; sourceTree = DEVELOPER_DIR; };
		5DBBD73B39D248179AB853D8 /* Hack-Bold.ttf */ = {isa = PBXFileReference; name = "Hack-Bold.ttf"; path = "../assets/fonts/dohyeonFont/Hack-Bold.ttf"; sourceTree = "<group>"; fileEncoding = undefined; lastKnownFileType = unknown; explicitFileType = undefined; includeInIndex = 0; };
		2DF136A6F7DD4A94BDCDE401 /* Hack-BoldItalic.ttf */ = {isa = PBXFileReference; name = "Hack-BoldItalic.ttf"; path = "../assets/fonts/dohyeonFont/Hack-BoldItalic.ttf"; sourceTree = "<group>"; fileEncoding = undefined; lastKnownFileType = unknown; explicitFileType = undefined; includeInIndex = 0; };
		D95DE22068134C0285CD19A5 /* Hack-Italic.ttf */ = {isa = PBXFileReference; name = "Hack-Italic.ttf"; path = "../assets/fonts/dohyeonFont/Hack-Italic.ttf"; sourceTree = "<group>"; fileEncoding = undefined; lastKnownFileType = unknown; explicitFileType = undefined; includeInIndex = 0; };
		F9572234D66C4415A6A73E04 /* Hack-Regular.ttf */ = {isa = PBXFileReference; name = "Hack-Regular.ttf"; path = "../assets/fonts/dohyeonFont/Hack-Regular.ttf"; sourceTree = "<group>"; fileEncoding = undefined; lastKnownFileType = unknown; explicitFileType = undefined; includeInIndex = 0; };
		56CB516DBE354CB98C64EE3C /* AntDesign.ttf */ = {isa = PBXFileReference; name = "AntDesign.ttf"; path = "../node_modules/react-native-vector-icons/Fonts/AntDesign.ttf"; sourceTree = "<group>"; fileEncoding = undefined; lastKnownFileType = unknown; explicitFileType = undefined; includeInIndex = 0; };
		39DA79A5E72D4684A0644DDE /* Entypo.ttf */ = {isa = PBXFileReference; name = "Entypo.ttf"; path = "../node_modules/react-native-vector-icons/Fonts/Entypo.ttf"; sourceTree = "<group>"; fileEncoding = undefined; lastKnownFileType = unknown; explicitFileType = undefined; includeInIndex = 0; };
		E354809539AE49C0860C020D /* EvilIcons.ttf */ = {isa = PBXFileReference; name = "EvilIcons.ttf"; path = "../node_modules/react-native-vector-icons/Fonts/EvilIcons.ttf"; sourceTree = "<group>"; fileEncoding = undefined; lastKnownFileType = unknown; explicitFileType = undefined; includeInIndex = 0; };
		8DB43EC2CA38407DB44C8611 /* Feather.ttf */ = {isa = PBXFileReference; name = "Feather.ttf"; path = "../node_modules/react-native-vector-icons/Fonts/Feather.ttf"; sourceTree = "<group>"; fileEncoding = undefined; lastKnownFileType = unknown; explicitFileType = undefined; includeInIndex = 0; };
		1AAA3F84FE1A44C5AE75D9BD /* FontAwesome.ttf */ = {isa = PBXFileReference; name = "FontAwesome.ttf"; path = "../node_modules/react-native-vector-icons/Fonts/FontAwesome.ttf"; sourceTree = "<group>"; fileEncoding = undefined; lastKnownFileType = unknown; explicitFileType = undefined; includeInIndex = 0; };
		61177B952516421FA0FA08D4 /* FontAwesome5_Brands.ttf */ = {isa = PBXFileReference; name = "FontAwesome5_Brands.ttf"; path = "../node_modules/react-native-vector-icons/Fonts/FontAwesome5_Brands.ttf"; sourceTree = "<group>"; fileEncoding = undefined; lastKnownFileType = unknown; explicitFileType = undefined; includeInIndex = 0; };
		A6701787A409419C9B6DF924 /* FontAwesome5_Regular.ttf */ = {isa = PBXFileReference; name = "FontAwesome5_Regular.ttf"; path = "../node_modules/react-native-vector-icons/Fonts/FontAwesome5_Regular.ttf"; sourceTree = "<group>"; fileEncoding = undefined; lastKnownFileType = unknown; explicitFileType = undefined; includeInIndex = 0; };
		897A6210E02143F1B948FB4C /* FontAwesome5_Solid.ttf */ = {isa = PBXFileReference; name = "FontAwesome5_Solid.ttf"; path = "../node_modules/react-native-vector-icons/Fonts/FontAwesome5_Solid.ttf"; sourceTree = "<group>"; fileEncoding = undefined; lastKnownFileType = unknown; explicitFileType = undefined; includeInIndex = 0; };
		7495EB13DB8444F3B8A38427 /* Fontisto.ttf */ = {isa = PBXFileReference; name = "Fontisto.ttf"; path = "../node_modules/react-native-vector-icons/Fonts/Fontisto.ttf"; sourceTree = "<group>"; fileEncoding = undefined; lastKnownFileType = unknown; explicitFileType = undefined; includeInIndex = 0; };
		A45C8852EE6D4BEBB18EF13A /* Foundation.ttf */ = {isa = PBXFileReference; name = "Foundation.ttf"; path = "../node_modules/react-native-vector-icons/Fonts/Foundation.ttf"; sourceTree = "<group>"; fileEncoding = undefined; lastKnownFileType = unknown; explicitFileType = undefined; includeInIndex = 0; };
		DC523047976A474886885C0F /* Ionicons.ttf */ = {isa = PBXFileReference; name = "Ionicons.ttf"; path = "../node_modules/react-native-vector-icons/Fonts/Ionicons.ttf"; sourceTree = "<group>"; fileEncoding = undefined; lastKnownFileType = unknown; explicitFileType = undefined; includeInIndex = 0; };
		80D5AB167B654F9FB65D1ACC /* MaterialCommunityIcons.ttf */ = {isa = PBXFileReference; name = "MaterialCommunityIcons.ttf"; path = "../node_modules/react-native-vector-icons/Fonts/MaterialCommunityIcons.ttf"; sourceTree = "<group>"; fileEncoding = undefined; lastKnownFileType = unknown; explicitFileType = undefined; includeInIndex = 0; };
		D93E4ECBFA8B486486B8DB16 /* MaterialIcons.ttf */ = {isa = PBXFileReference; name = "MaterialIcons.ttf"; path = "../node_modules/react-native-vector-icons/Fonts/MaterialIcons.ttf"; sourceTree = "<group>"; fileEncoding = undefined; lastKnownFileType = unknown; explicitFileType = undefined; includeInIndex = 0; };
		958BCBA6878C457EB5BF4BE7 /* Octicons.ttf */ = {isa = PBXFileReference; name = "Octicons.ttf"; path = "../node_modules/react-native-vector-icons/Fonts/Octicons.ttf"; sourceTree = "<group>"; fileEncoding = undefined; lastKnownFileType = unknown; explicitFileType = undefined; includeInIndex = 0; };
		2520290FB2F743F689A6260B /* SimpleLineIcons.ttf */ = {isa = PBXFileReference; name = "SimpleLineIcons.ttf"; path = "../node_modules/react-native-vector-icons/Fonts/SimpleLineIcons.ttf"; sourceTree = "<group>"; fileEncoding = undefined; lastKnownFileType = unknown; explicitFileType = undefined; includeInIndex = 0; };
		3F500BD96D7A4C7383285B2D /* Zocial.ttf */ = {isa = PBXFileReference; name = "Zocial.ttf"; path = "../node_modules/react-native-vector-icons/Fonts/Zocial.ttf"; sourceTree = "<group>"; fileEncoding = undefined; lastKnownFileType = unknown; explicitFileType = undefined; includeInIndex = 0; };
		5168E9DED43545E49DFE8FFE /* Hack-Bold.ttf */ = {isa = PBXFileReference; name = "Hack-Bold.ttf"; path = "../assets/fonts/Hack-Bold.ttf"; sourceTree = "<group>"; fileEncoding = undefined; lastKnownFileType = unknown; explicitFileType = undefined; includeInIndex = 0; };
		D2B84885F6E641DEBAB601C2 /* Hack-BoldItalic.ttf */ = {isa = PBXFileReference; name = "Hack-BoldItalic.ttf"; path = "../assets/fonts/Hack-BoldItalic.ttf"; sourceTree = "<group>"; fileEncoding = undefined; lastKnownFileType = unknown; explicitFileType = undefined; includeInIndex = 0; };
		11142D952D824FD985DD2F4F /* Hack-Italic.ttf */ = {isa = PBXFileReference; name = "Hack-Italic.ttf"; path = "../assets/fonts/Hack-Italic.ttf"; sourceTree = "<group>"; fileEncoding = undefined; lastKnownFileType = unknown; explicitFileType = undefined; includeInIndex = 0; };
		D9E1AA0A89D8485BB5379D49 /* Hack-Regular.ttf */ = {isa = PBXFileReference; name = "Hack-Regular.ttf"; path = "../assets/fonts/Hack-Regular.ttf"; sourceTree = "<group>"; fileEncoding = undefined; lastKnownFileType = unknown; explicitFileType = undefined; includeInIndex = 0; };
		ADF0EF837A3D40048082EA3C /* AntDesign.ttf */ = {isa = PBXFileReference; name = "AntDesign.ttf"; path = "../node_modules/native-base/Fonts/AntDesign.ttf"; sourceTree = "<group>"; fileEncoding = undefined; lastKnownFileType = unknown; explicitFileType = undefined; includeInIndex = 0; };
		B72767811ABA4E90BE58C53C /* Entypo.ttf */ = {isa = PBXFileReference; name = "Entypo.ttf"; path = "../node_modules/native-base/Fonts/Entypo.ttf"; sourceTree = "<group>"; fileEncoding = undefined; lastKnownFileType = unknown; explicitFileType = undefined; includeInIndex = 0; };
		99B41C776341483C9880BB11 /* EvilIcons.ttf */ = {isa = PBXFileReference; name = "EvilIcons.ttf"; path = "../node_modules/native-base/Fonts/EvilIcons.ttf"; sourceTree = "<group>"; fileEncoding = undefined; lastKnownFileType = unknown; explicitFileType = undefined; includeInIndex = 0; };
		9CFCD46DDE684BB4A218B1CC /* Feather.ttf */ = {isa = PBXFileReference; name = "Feather.ttf"; path = "../node_modules/native-base/Fonts/Feather.ttf"; sourceTree = "<group>"; fileEncoding = undefined; lastKnownFileType = unknown; explicitFileType = undefined; includeInIndex = 0; };
		916BDBF1A3204EF2B35AC413 /* FontAwesome.ttf */ = {isa = PBXFileReference; name = "FontAwesome.ttf"; path = "../node_modules/native-base/Fonts/FontAwesome.ttf"; sourceTree = "<group>"; fileEncoding = undefined; lastKnownFileType = unknown; explicitFileType = undefined; includeInIndex = 0; };
		3D51B12307274C9CAC68FA3B /* FontAwesome5_Brands.ttf */ = {isa = PBXFileReference; name = "FontAwesome5_Brands.ttf"; path = "../node_modules/native-base/Fonts/FontAwesome5_Brands.ttf"; sourceTree = "<group>"; fileEncoding = undefined; lastKnownFileType = unknown; explicitFileType = undefined; includeInIndex = 0; };
		041D4307DDAD4D2888648A3C /* FontAwesome5_Regular.ttf */ = {isa = PBXFileReference; name = "FontAwesome5_Regular.ttf"; path = "../node_modules/native-base/Fonts/FontAwesome5_Regular.ttf"; sourceTree = "<group>"; fileEncoding = undefined; lastKnownFileType = unknown; explicitFileType = undefined; includeInIndex = 0; };
		2D4AAE0860F2424088FCEE1E /* FontAwesome5_Solid.ttf */ = {isa = PBXFileReference; name = "FontAwesome5_Solid.ttf"; path = "../node_modules/native-base/Fonts/FontAwesome5_Solid.ttf"; sourceTree = "<group>"; fileEncoding = undefined; lastKnownFileType = unknown; explicitFileType = undefined; includeInIndex = 0; };
		07A92959D842496B9365696C /* Fontisto.ttf */ = {isa = PBXFileReference; name = "Fontisto.ttf"; path = "../node_modules/native-base/Fonts/Fontisto.ttf"; sourceTree = "<group>"; fileEncoding = undefined; lastKnownFileType = unknown; explicitFileType = undefined; includeInIndex = 0; };
		C5EB0EF084CB4564845A8E31 /* Foundation.ttf */ = {isa = PBXFileReference; name = "Foundation.ttf"; path = "../node_modules/native-base/Fonts/Foundation.ttf"; sourceTree = "<group>"; fileEncoding = undefined; lastKnownFileType = unknown; explicitFileType = undefined; includeInIndex = 0; };
		0FFF74ED4F0C49559B11697E /* Ionicons.ttf */ = {isa = PBXFileReference; name = "Ionicons.ttf"; path = "../node_modules/native-base/Fonts/Ionicons.ttf"; sourceTree = "<group>"; fileEncoding = undefined; lastKnownFileType = unknown; explicitFileType = undefined; includeInIndex = 0; };
		3AF20C998FD84D0CA201018F /* MaterialCommunityIcons.ttf */ = {isa = PBXFileReference; name = "MaterialCommunityIcons.ttf"; path = "../node_modules/native-base/Fonts/MaterialCommunityIcons.ttf"; sourceTree = "<group>"; fileEncoding = undefined; lastKnownFileType = unknown; explicitFileType = undefined; includeInIndex = 0; };
		0106365A1FF340A3A05812A0 /* MaterialIcons.ttf */ = {isa = PBXFileReference; name = "MaterialIcons.ttf"; path = "../node_modules/native-base/Fonts/MaterialIcons.ttf"; sourceTree = "<group>"; fileEncoding = undefined; lastKnownFileType = unknown; explicitFileType = undefined; includeInIndex = 0; };
		8D15DAE7D3AE48C898293B19 /* Octicons.ttf */ = {isa = PBXFileReference; name = "Octicons.ttf"; path = "../node_modules/native-base/Fonts/Octicons.ttf"; sourceTree = "<group>"; fileEncoding = undefined; lastKnownFileType = unknown; explicitFileType = undefined; includeInIndex = 0; };
		ABD1D983C05748ABAB479444 /* Roboto_medium.ttf */ = {isa = PBXFileReference; name = "Roboto_medium.ttf"; path = "../node_modules/native-base/Fonts/Roboto_medium.ttf"; sourceTree = "<group>"; fileEncoding = undefined; lastKnownFileType = unknown; explicitFileType = undefined; includeInIndex = 0; };
		A2088EB6911747E4B02869D6 /* Roboto.ttf */ = {isa = PBXFileReference; name = "Roboto.ttf"; path = "../node_modules/native-base/Fonts/Roboto.ttf"; sourceTree = "<group>"; fileEncoding = undefined; lastKnownFileType = unknown; explicitFileType = undefined; includeInIndex = 0; };
		F9281E1CEA87469E8377C750 /* rubicon-icon-font.ttf */ = {isa = PBXFileReference; name = "rubicon-icon-font.ttf"; path = "../node_modules/native-base/Fonts/rubicon-icon-font.ttf"; sourceTree = "<group>"; fileEncoding = undefined; lastKnownFileType = unknown; explicitFileType = undefined; includeInIndex = 0; };
		6EEE9F0923C648C79547546C /* SimpleLineIcons.ttf */ = {isa = PBXFileReference; name = "SimpleLineIcons.ttf"; path = "../node_modules/native-base/Fonts/SimpleLineIcons.ttf"; sourceTree = "<group>"; fileEncoding = undefined; lastKnownFileType = unknown; explicitFileType = undefined; includeInIndex = 0; };
		D40F03A1579845868B93FBBA /* Zocial.ttf */ = {isa = PBXFileReference; name = "Zocial.ttf"; path = "../node_modules/native-base/Fonts/Zocial.ttf"; sourceTree = "<group>"; fileEncoding = undefined; lastKnownFileType = unknown; explicitFileType = undefined; includeInIndex = 0; };
/* End PBXFileReference section */

/* Begin PBXFrameworksBuildPhase section */
		13B07F8C1A680F5B00A75B9A /* Frameworks */ = {
			isa = PBXFrameworksBuildPhase;
			buildActionMask = 2147483647;
			files = (
				3DE4DAD41476765101945408 /* libPods-serendipity_client.a in Frameworks */,
			);
			runOnlyForDeploymentPostprocessing = 0;
		};
/* End PBXFrameworksBuildPhase section */

/* Begin PBXGroup section */
		13B07FAE1A68108700A75B9A /* serendipity_client */ = {
			isa = PBXGroup;
			children = (
				008F07F21AC5B25A0029DE68 /* main.jsbundle */,
				13B07FAF1A68108700A75B9A /* AppDelegate.h */,
				13B07FB01A68108700A75B9A /* AppDelegate.m */,
				13B07FB51A68108700A75B9A /* Images.xcassets */,
				13B07FB61A68108700A75B9A /* Info.plist */,
				13B07FB11A68108700A75B9A /* LaunchScreen.xib */,
				13B07FB71A68108700A75B9A /* main.m */,
			);
			name = serendipity_client;
			sourceTree = "<group>";
		};
		2D16E6871FA4F8E400B85C8A /* Frameworks */ = {
			isa = PBXGroup;
			children = (
				ED297162215061F000B7C4FE /* JavaScriptCore.framework */,
				ED2971642150620600B7C4FE /* JavaScriptCore.framework */,
				2D16E6891FA4F8E400B85C8A /* libReact.a */,
				D43FF9D506E70904424FA7E9 /* libPods-serendipity_client.a */,
			);
			name = Frameworks;
			sourceTree = "<group>";
		};
		72E5486571395D51695C2A02 /* Pods */ = {
			isa = PBXGroup;
			children = (
				3B47C5AFCB8BDE514B7D1AC6 /* Pods-serendipity_client.debug.xcconfig */,
				8AC623DBF3A3E2CB072F81F2 /* Pods-serendipity_client.release.xcconfig */,
			);
			name = Pods;
			path = Pods;
			sourceTree = "<group>";
		};
		832341AE1AAA6A7D00B99B32 /* Libraries */ = {
			isa = PBXGroup;
			children = (
			);
			name = Libraries;
			sourceTree = "<group>";
		};
		83CBB9F61A601CBA00E9B192 = {
			isa = PBXGroup;
			children = (
				13B07FAE1A68108700A75B9A /* serendipity_client */,
				832341AE1AAA6A7D00B99B32 /* Libraries */,
				83CBBA001A601CBA00E9B192 /* Products */,
				2D16E6871FA4F8E400B85C8A /* Frameworks */,
				72E5486571395D51695C2A02 /* Pods */,
				C31E5792491540E48F9C0AFB /* Resources */,
			);
			indentWidth = 2;
			sourceTree = "<group>";
			tabWidth = 2;
			usesTabs = 0;
		};
		83CBBA001A601CBA00E9B192 /* Products */ = {
			isa = PBXGroup;
			children = (
				13B07F961A680F5B00A75B9A /* serendipity_client.app */,
			);
			name = Products;
			sourceTree = "<group>";
		};
		C31E5792491540E48F9C0AFB /* Resources */ = {
			isa = "PBXGroup";
			children = (
				5DBBD73B39D248179AB853D8 /* Hack-Bold.ttf */,
				2DF136A6F7DD4A94BDCDE401 /* Hack-BoldItalic.ttf */,
				D95DE22068134C0285CD19A5 /* Hack-Italic.ttf */,
				F9572234D66C4415A6A73E04 /* Hack-Regular.ttf */,
				56CB516DBE354CB98C64EE3C /* AntDesign.ttf */,
				39DA79A5E72D4684A0644DDE /* Entypo.ttf */,
				E354809539AE49C0860C020D /* EvilIcons.ttf */,
				8DB43EC2CA38407DB44C8611 /* Feather.ttf */,
				1AAA3F84FE1A44C5AE75D9BD /* FontAwesome.ttf */,
				61177B952516421FA0FA08D4 /* FontAwesome5_Brands.ttf */,
				A6701787A409419C9B6DF924 /* FontAwesome5_Regular.ttf */,
				897A6210E02143F1B948FB4C /* FontAwesome5_Solid.ttf */,
				7495EB13DB8444F3B8A38427 /* Fontisto.ttf */,
				A45C8852EE6D4BEBB18EF13A /* Foundation.ttf */,
				DC523047976A474886885C0F /* Ionicons.ttf */,
				80D5AB167B654F9FB65D1ACC /* MaterialCommunityIcons.ttf */,
				D93E4ECBFA8B486486B8DB16 /* MaterialIcons.ttf */,
				958BCBA6878C457EB5BF4BE7 /* Octicons.ttf */,
				2520290FB2F743F689A6260B /* SimpleLineIcons.ttf */,
				3F500BD96D7A4C7383285B2D /* Zocial.ttf */,
				5168E9DED43545E49DFE8FFE /* Hack-Bold.ttf */,
				D2B84885F6E641DEBAB601C2 /* Hack-BoldItalic.ttf */,
				11142D952D824FD985DD2F4F /* Hack-Italic.ttf */,
				D9E1AA0A89D8485BB5379D49 /* Hack-Regular.ttf */,
				ADF0EF837A3D40048082EA3C /* AntDesign.ttf */,
				B72767811ABA4E90BE58C53C /* Entypo.ttf */,
				99B41C776341483C9880BB11 /* EvilIcons.ttf */,
				9CFCD46DDE684BB4A218B1CC /* Feather.ttf */,
				916BDBF1A3204EF2B35AC413 /* FontAwesome.ttf */,
				3D51B12307274C9CAC68FA3B /* FontAwesome5_Brands.ttf */,
				041D4307DDAD4D2888648A3C /* FontAwesome5_Regular.ttf */,
				2D4AAE0860F2424088FCEE1E /* FontAwesome5_Solid.ttf */,
				07A92959D842496B9365696C /* Fontisto.ttf */,
				C5EB0EF084CB4564845A8E31 /* Foundation.ttf */,
				0FFF74ED4F0C49559B11697E /* Ionicons.ttf */,
				3AF20C998FD84D0CA201018F /* MaterialCommunityIcons.ttf */,
				0106365A1FF340A3A05812A0 /* MaterialIcons.ttf */,
				8D15DAE7D3AE48C898293B19 /* Octicons.ttf */,
				ABD1D983C05748ABAB479444 /* Roboto_medium.ttf */,
				A2088EB6911747E4B02869D6 /* Roboto.ttf */,
				F9281E1CEA87469E8377C750 /* rubicon-icon-font.ttf */,
				6EEE9F0923C648C79547546C /* SimpleLineIcons.ttf */,
				D40F03A1579845868B93FBBA /* Zocial.ttf */,
			);
			name = Resources;
			sourceTree = "<group>";
			path = "";
		};
/* End PBXGroup section */

/* Begin PBXNativeTarget section */
		13B07F861A680F5B00A75B9A /* serendipity_client */ = {
			isa = PBXNativeTarget;
			buildConfigurationList = 13B07F931A680F5B00A75B9A /* Build configuration list for PBXNativeTarget "serendipity_client" */;
			buildPhases = (
				F8BC737F2AD7A05944D9E2A1 /* [CP] Check Pods Manifest.lock */,
				FD4C38642228810C00325AF5 /* Start Packager */,
				13B07F871A680F5B00A75B9A /* Sources */,
				13B07F8C1A680F5B00A75B9A /* Frameworks */,
				13B07F8E1A680F5B00A75B9A /* Resources */,
				00DD1BFF1BD5951E006B06BC /* Bundle React Native code and images */,
			);
			buildRules = (
			);
			dependencies = (
			);
			name = serendipity_client;
			productName = "Hello World";
			productReference = 13B07F961A680F5B00A75B9A /* serendipity_client.app */;
			productType = "com.apple.product-type.application";
		};
/* End PBXNativeTarget section */

/* Begin PBXProject section */
		83CBB9F71A601CBA00E9B192 /* Project object */ = {
			isa = PBXProject;
			attributes = {
				LastUpgradeCheck = 940;
				ORGANIZATIONNAME = Facebook;
				TargetAttributes = {
					00E356ED1AD99517003FC87E = {
						CreatedOnToolsVersion = 6.2;
						TestTargetID = 13B07F861A680F5B00A75B9A;
					};
				};
			};
			buildConfigurationList = 83CBB9FA1A601CBA00E9B192 /* Build configuration list for PBXProject "serendipity_client" */;
			compatibilityVersion = "Xcode 3.2";
			developmentRegion = English;
			hasScannedForEncodings = 0;
			knownRegions = (
				en,
				Base,
			);
			mainGroup = 83CBB9F61A601CBA00E9B192;
			productRefGroup = 83CBBA001A601CBA00E9B192 /* Products */;
			projectDirPath = "";
			projectRoot = "";
			targets = (
				13B07F861A680F5B00A75B9A /* serendipity_client */,
			);
		};
/* End PBXProject section */

/* Begin PBXResourcesBuildPhase section */
		13B07F8E1A680F5B00A75B9A /* Resources */ = {
			isa = PBXResourcesBuildPhase;
			buildActionMask = 2147483647;
			files = (
				13B07FBF1A68108700A75B9A /* Images.xcassets in Resources */,
				13B07FBD1A68108700A75B9A /* LaunchScreen.xib in Resources */,
				175BE199F88A49CF9B1FAA89 /* Hack-Bold.ttf in Resources */,
				503741DED9F6498DB10361AF /* Hack-BoldItalic.ttf in Resources */,
				B1321A9BB07B4085BABA450D /* Hack-Italic.ttf in Resources */,
				E4388E5B579245B68FFA53E7 /* Hack-Regular.ttf in Resources */,
				A9A49616FF854325A7637588 /* AntDesign.ttf in Resources */,
				8154E95F576449038480859C /* Entypo.ttf in Resources */,
				81B3025804CC40EF837ABD3B /* EvilIcons.ttf in Resources */,
				4CBF78184EA4471AAE11B6EA /* Feather.ttf in Resources */,
				DB96E41DF3FC4917A99676DD /* FontAwesome.ttf in Resources */,
				A23A349AE8AD45BCB27623FE /* FontAwesome5_Brands.ttf in Resources */,
				E6BEF2D7B5D841C194C130DD /* FontAwesome5_Regular.ttf in Resources */,
				0585F4DBC8C94CE69C336A4E /* FontAwesome5_Solid.ttf in Resources */,
				0D7504044E744A1C80FE77F9 /* Fontisto.ttf in Resources */,
				5F366B1029AD40B1912CB74B /* Foundation.ttf in Resources */,
				4978AD749AC645E9BDD60054 /* Ionicons.ttf in Resources */,
				298D61E811D94400ADDDF607 /* MaterialCommunityIcons.ttf in Resources */,
				D1387ABE33C944EBBD463EA9 /* MaterialIcons.ttf in Resources */,
				BBDA8ADB8D8F42D784B245D8 /* Octicons.ttf in Resources */,
				B35F8BBB734C40F18DBA78C3 /* SimpleLineIcons.ttf in Resources */,
				C982AC6DF53E41A5906C8580 /* Zocial.ttf in Resources */,
				45787E89CF5740F0B44C03E3 /* Hack-Bold.ttf in Resources */,
				5203BC4505E04CB4BDF53A5E /* Hack-BoldItalic.ttf in Resources */,
				A4B6755D59684FDCB05EFE8A /* Hack-Italic.ttf in Resources */,
				BF093E86C746420C9FC07533 /* Hack-Regular.ttf in Resources */,
				9940D62F533E4164ABE05FF0 /* AntDesign.ttf in Resources */,
				E30603845A914D3DA8BF5A60 /* Entypo.ttf in Resources */,
				7B7F4C2328044F8CA4F9A17A /* EvilIcons.ttf in Resources */,
				517EDCE5B6BB4884B5E854FA /* Feather.ttf in Resources */,
				D8446CD95C3E468BA2CF25E2 /* FontAwesome.ttf in Resources */,
				159BC6FBEDDC46A78E0E315D /* FontAwesome5_Brands.ttf in Resources */,
				154DB11DEB384083BD55E2AA /* FontAwesome5_Regular.ttf in Resources */,
				4E792E57E0DA4E4E86DDD105 /* FontAwesome5_Solid.ttf in Resources */,
				01A710E98E064192BF037B0C /* Fontisto.ttf in Resources */,
				43237B68931D44B08EDB2DE8 /* Foundation.ttf in Resources */,
				9D6EF3D1A344447893861A30 /* Ionicons.ttf in Resources */,
				753B733FD6374D1AB16D6633 /* MaterialCommunityIcons.ttf in Resources */,
				DDAF2F92954543749B32953B /* MaterialIcons.ttf in Resources */,
				3C569C64BBA14B33AEA89E4D /* Octicons.ttf in Resources */,
				0DD7E34B1B77447887280CAC /* Roboto_medium.ttf in Resources */,
				B5B83920D5874682BE0695D1 /* Roboto.ttf in Resources */,
				F3275EA29A7745EAA2FFA2F8 /* rubicon-icon-font.ttf in Resources */,
				94102E10E6174CD782F24BFE /* SimpleLineIcons.ttf in Resources */,
				7AE9416A65994B71A5E4EDB5 /* Zocial.ttf in Resources */,
			);
			runOnlyForDeploymentPostprocessing = 0;
		};
/* End PBXResourcesBuildPhase section */

/* Begin PBXShellScriptBuildPhase section */
		00DD1BFF1BD5951E006B06BC /* Bundle React Native code and images */ = {
			isa = PBXShellScriptBuildPhase;
			buildActionMask = 2147483647;
			files = (
			);
			inputPaths = (
			);
			name = "Bundle React Native code and images";
			outputPaths = (
			);
			runOnlyForDeploymentPostprocessing = 0;
			shellPath = /bin/sh;
			shellScript = "export NODE_BINARY=node\n../node_modules/react-native/scripts/react-native-xcode.sh";
		};
		F8BC737F2AD7A05944D9E2A1 /* [CP] Check Pods Manifest.lock */ = {
			isa = PBXShellScriptBuildPhase;
			buildActionMask = 2147483647;
			files = (
			);
			inputFileListPaths = (
			);
			inputPaths = (
				"${PODS_PODFILE_DIR_PATH}/Podfile.lock",
				"${PODS_ROOT}/Manifest.lock",
			);
			name = "[CP] Check Pods Manifest.lock";
			outputFileListPaths = (
			);
			outputPaths = (
				"$(DERIVED_FILE_DIR)/Pods-serendipity_client-checkManifestLockResult.txt",
			);
			runOnlyForDeploymentPostprocessing = 0;
			shellPath = /bin/sh;
			shellScript = "diff \"${PODS_PODFILE_DIR_PATH}/Podfile.lock\" \"${PODS_ROOT}/Manifest.lock\" > /dev/null\nif [ $? != 0 ] ; then\n    # print error to STDERR\n    echo \"error: The sandbox is not in sync with the Podfile.lock. Run 'pod install' or update your CocoaPods installation.\" >&2\n    exit 1\nfi\n# This output is used by Xcode 'outputs' to avoid re-running this script phase.\necho \"SUCCESS\" > \"${SCRIPT_OUTPUT_FILE_0}\"\n";
			showEnvVarsInLog = 0;
		};
		FD4C38642228810C00325AF5 /* Start Packager */ = {
			isa = PBXShellScriptBuildPhase;
			buildActionMask = 2147483647;
			files = (
			);
			inputFileListPaths = (
			);
			inputPaths = (
			);
			name = "Start Packager";
			outputFileListPaths = (
			);
			outputPaths = (
			);
			runOnlyForDeploymentPostprocessing = 0;
			shellPath = /bin/sh;
			shellScript = "export RCT_METRO_PORT=\"${RCT_METRO_PORT:=8081}\"\necho \"export RCT_METRO_PORT=${RCT_METRO_PORT}\" > \"${SRCROOT}/../node_modules/react-native/scripts/.packager.env\"\nif [ -z \"${RCT_NO_LAUNCH_PACKAGER+xxx}\" ] ; then\n  if nc -w 5 -z localhost ${RCT_METRO_PORT} ; then\n    if ! curl -s \"http://localhost:${RCT_METRO_PORT}/status\" | grep -q \"packager-status:running\" ; then\n      echo \"Port ${RCT_METRO_PORT} already in use, packager is either not running or not running correctly\"\n      exit 2\n    fi\n  else\n    open \"$SRCROOT/../node_modules/react-native/scripts/launchPackager.command\" || echo \"Can't start packager automatically\"\n  fi\nfi\n";
			showEnvVarsInLog = 0;
		};
/* End PBXShellScriptBuildPhase section */

/* Begin PBXSourcesBuildPhase section */
		13B07F871A680F5B00A75B9A /* Sources */ = {
			isa = PBXSourcesBuildPhase;
			buildActionMask = 2147483647;
			files = (
				13B07FBC1A68108700A75B9A /* AppDelegate.m in Sources */,
				13B07FC11A68108700A75B9A /* main.m in Sources */,
			);
			runOnlyForDeploymentPostprocessing = 0;
		};
/* End PBXSourcesBuildPhase section */

/* Begin PBXVariantGroup section */
		13B07FB11A68108700A75B9A /* LaunchScreen.xib */ = {
			isa = PBXVariantGroup;
			children = (
				13B07FB21A68108700A75B9A /* Base */,
			);
			name = LaunchScreen.xib;
			path = serendipity_client;
			sourceTree = "<group>";
		};
/* End PBXVariantGroup section */

/* Begin XCBuildConfiguration section */
		13B07F941A680F5B00A75B9A /* Debug */ = {
			isa = XCBuildConfiguration;
			baseConfigurationReference = 3B47C5AFCB8BDE514B7D1AC6 /* Pods-serendipity_client.debug.xcconfig */;
			buildSettings = {
				ASSETCATALOG_COMPILER_APPICON_NAME = AppIcon;
				CURRENT_PROJECT_VERSION = 1;
				DEAD_CODE_STRIPPING = NO;
				INFOPLIST_FILE = serendipity_client/Info.plist;
				LD_RUNPATH_SEARCH_PATHS = "$(inherited) @executable_path/Frameworks";
				OTHER_LDFLAGS = (
					"$(inherited)",
					"-ObjC",
					"-lc++",
				);
				PRODUCT_BUNDLE_IDENTIFIER = "org.reactjs.native.example.$(PRODUCT_NAME:rfc1034identifier)";
				PRODUCT_NAME = serendipity_client;
				VERSIONING_SYSTEM = "apple-generic";
			};
			name = Debug;
		};
		13B07F951A680F5B00A75B9A /* Release */ = {
			isa = XCBuildConfiguration;
			baseConfigurationReference = 8AC623DBF3A3E2CB072F81F2 /* Pods-serendipity_client.release.xcconfig */;
			buildSettings = {
				ASSETCATALOG_COMPILER_APPICON_NAME = AppIcon;
				CURRENT_PROJECT_VERSION = 1;
				INFOPLIST_FILE = serendipity_client/Info.plist;
				LD_RUNPATH_SEARCH_PATHS = "$(inherited) @executable_path/Frameworks";
				OTHER_LDFLAGS = (
					"$(inherited)",
					"-ObjC",
					"-lc++",
				);
				PRODUCT_BUNDLE_IDENTIFIER = "org.reactjs.native.example.$(PRODUCT_NAME:rfc1034identifier)";
				PRODUCT_NAME = serendipity_client;
				VERSIONING_SYSTEM = "apple-generic";
			};
			name = Release;
		};
		83CBBA201A601CBA00E9B192 /* Debug */ = {
			isa = XCBuildConfiguration;
			buildSettings = {
				ALWAYS_SEARCH_USER_PATHS = NO;
				CLANG_CXX_LANGUAGE_STANDARD = "gnu++0x";
				CLANG_CXX_LIBRARY = "libc++";
				CLANG_ENABLE_MODULES = YES;
				CLANG_ENABLE_OBJC_ARC = YES;
				CLANG_WARN_BLOCK_CAPTURE_AUTORELEASING = YES;
				CLANG_WARN_BOOL_CONVERSION = YES;
				CLANG_WARN_COMMA = YES;
				CLANG_WARN_CONSTANT_CONVERSION = YES;
				CLANG_WARN_DEPRECATED_OBJC_IMPLEMENTATIONS = YES;
				CLANG_WARN_DIRECT_OBJC_ISA_USAGE = YES_ERROR;
				CLANG_WARN_EMPTY_BODY = YES;
				CLANG_WARN_ENUM_CONVERSION = YES;
				CLANG_WARN_INFINITE_RECURSION = YES;
				CLANG_WARN_INT_CONVERSION = YES;
				CLANG_WARN_NON_LITERAL_NULL_CONVERSION = YES;
				CLANG_WARN_OBJC_IMPLICIT_RETAIN_SELF = YES;
				CLANG_WARN_OBJC_LITERAL_CONVERSION = YES;
				CLANG_WARN_OBJC_ROOT_CLASS = YES_ERROR;
				CLANG_WARN_RANGE_LOOP_ANALYSIS = YES;
				CLANG_WARN_STRICT_PROTOTYPES = YES;
				CLANG_WARN_SUSPICIOUS_MOVE = YES;
				CLANG_WARN_UNREACHABLE_CODE = YES;
				CLANG_WARN__DUPLICATE_METHOD_MATCH = YES;
				"CODE_SIGN_IDENTITY[sdk=iphoneos*]" = "iPhone Developer";
				COPY_PHASE_STRIP = NO;
				ENABLE_STRICT_OBJC_MSGSEND = YES;
				ENABLE_TESTABILITY = YES;
				GCC_C_LANGUAGE_STANDARD = gnu99;
				GCC_DYNAMIC_NO_PIC = NO;
				GCC_NO_COMMON_BLOCKS = YES;
				GCC_OPTIMIZATION_LEVEL = 0;
				GCC_PREPROCESSOR_DEFINITIONS = (
					"DEBUG=1",
					"$(inherited)",
				);
				GCC_SYMBOLS_PRIVATE_EXTERN = NO;
				GCC_WARN_64_TO_32_BIT_CONVERSION = YES;
				GCC_WARN_ABOUT_RETURN_TYPE = YES_ERROR;
				GCC_WARN_UNDECLARED_SELECTOR = YES;
				GCC_WARN_UNINITIALIZED_AUTOS = YES_AGGRESSIVE;
				GCC_WARN_UNUSED_FUNCTION = YES;
				GCC_WARN_UNUSED_VARIABLE = YES;
				IPHONEOS_DEPLOYMENT_TARGET = 9.0;
				MTL_ENABLE_DEBUG_INFO = YES;
				ONLY_ACTIVE_ARCH = YES;
				SDKROOT = iphoneos;
			};
			name = Debug;
		};
		83CBBA211A601CBA00E9B192 /* Release */ = {
			isa = XCBuildConfiguration;
			buildSettings = {
				ALWAYS_SEARCH_USER_PATHS = NO;
				CLANG_CXX_LANGUAGE_STANDARD = "gnu++0x";
				CLANG_CXX_LIBRARY = "libc++";
				CLANG_ENABLE_MODULES = YES;
				CLANG_ENABLE_OBJC_ARC = YES;
				CLANG_WARN_BLOCK_CAPTURE_AUTORELEASING = YES;
				CLANG_WARN_BOOL_CONVERSION = YES;
				CLANG_WARN_COMMA = YES;
				CLANG_WARN_CONSTANT_CONVERSION = YES;
				CLANG_WARN_DEPRECATED_OBJC_IMPLEMENTATIONS = YES;
				CLANG_WARN_DIRECT_OBJC_ISA_USAGE = YES_ERROR;
				CLANG_WARN_EMPTY_BODY = YES;
				CLANG_WARN_ENUM_CONVERSION = YES;
				CLANG_WARN_INFINITE_RECURSION = YES;
				CLANG_WARN_INT_CONVERSION = YES;
				CLANG_WARN_NON_LITERAL_NULL_CONVERSION = YES;
				CLANG_WARN_OBJC_IMPLICIT_RETAIN_SELF = YES;
				CLANG_WARN_OBJC_LITERAL_CONVERSION = YES;
				CLANG_WARN_OBJC_ROOT_CLASS = YES_ERROR;
				CLANG_WARN_RANGE_LOOP_ANALYSIS = YES;
				CLANG_WARN_STRICT_PROTOTYPES = YES;
				CLANG_WARN_SUSPICIOUS_MOVE = YES;
				CLANG_WARN_UNREACHABLE_CODE = YES;
				CLANG_WARN__DUPLICATE_METHOD_MATCH = YES;
				"CODE_SIGN_IDENTITY[sdk=iphoneos*]" = "iPhone Developer";
				COPY_PHASE_STRIP = YES;
				ENABLE_NS_ASSERTIONS = NO;
				ENABLE_STRICT_OBJC_MSGSEND = YES;
				GCC_C_LANGUAGE_STANDARD = gnu99;
				GCC_NO_COMMON_BLOCKS = YES;
				GCC_WARN_64_TO_32_BIT_CONVERSION = YES;
				GCC_WARN_ABOUT_RETURN_TYPE = YES_ERROR;
				GCC_WARN_UNDECLARED_SELECTOR = YES;
				GCC_WARN_UNINITIALIZED_AUTOS = YES_AGGRESSIVE;
				GCC_WARN_UNUSED_FUNCTION = YES;
				GCC_WARN_UNUSED_VARIABLE = YES;
				IPHONEOS_DEPLOYMENT_TARGET = 9.0;
				MTL_ENABLE_DEBUG_INFO = NO;
				SDKROOT = iphoneos;
				VALIDATE_PRODUCT = YES;
			};
			name = Release;
		};
/* End XCBuildConfiguration section */

/* Begin XCConfigurationList section */
		13B07F931A680F5B00A75B9A /* Build configuration list for PBXNativeTarget "serendipity_client" */ = {
			isa = XCConfigurationList;
			buildConfigurations = (
				13B07F941A680F5B00A75B9A /* Debug */,
				13B07F951A680F5B00A75B9A /* Release */,
			);
			defaultConfigurationIsVisible = 0;
			defaultConfigurationName = Release;
		};
		83CBB9FA1A601CBA00E9B192 /* Build configuration list for PBXProject "serendipity_client" */ = {
			isa = XCConfigurationList;
			buildConfigurations = (
				83CBBA201A601CBA00E9B192 /* Debug */,
				83CBBA211A601CBA00E9B192 /* Release */,
			);
			defaultConfigurationIsVisible = 0;
			defaultConfigurationName = Release;
		};
/* End XCConfigurationList section */
	};
	rootObject = 83CBB9F71A601CBA00E9B192 /* Project object */;
}
